// !$*UTF8*$!
{
	archiveVersion = 1;
	classes = {
	};
	objectVersion = 50;
	objects = {

/* Begin PBXBuildFile section */
		14732FAF260C29CB00E94155 /* AppDelegate.swift in Sources */ = {isa = PBXBuildFile; fileRef = 14732FAE260C29CB00E94155 /* AppDelegate.swift */; };
		14732FB1260C29CB00E94155 /* SceneDelegate.swift in Sources */ = {isa = PBXBuildFile; fileRef = 14732FB0260C29CB00E94155 /* SceneDelegate.swift */; };
		14732FB3260C29CB00E94155 /* ViewController.swift in Sources */ = {isa = PBXBuildFile; fileRef = 14732FB2260C29CB00E94155 /* ViewController.swift */; };
		14732FB6260C29CB00E94155 /* Main.storyboard in Resources */ = {isa = PBXBuildFile; fileRef = 14732FB4260C29CB00E94155 /* Main.storyboard */; };
		14732FB8260C29CD00E94155 /* Assets.xcassets in Resources */ = {isa = PBXBuildFile; fileRef = 14732FB7260C29CD00E94155 /* Assets.xcassets */; };
		14732FBB260C29CD00E94155 /* LaunchScreen.storyboard in Resources */ = {isa = PBXBuildFile; fileRef = 14732FB9260C29CD00E94155 /* LaunchScreen.storyboard */; };
		1493939926173D1E00D9558B /* myCollectionViewCell.swift in Sources */ = {isa = PBXBuildFile; fileRef = 1493939726173D1E00D9558B /* myCollectionViewCell.swift */; };
		1493939A26173D1E00D9558B /* myCollectionViewCell.xib in Resources */ = {isa = PBXBuildFile; fileRef = 1493939826173D1E00D9558B /* myCollectionViewCell.xib */; };
		14A925CD2612289400CD0FE9 /* Canvas.swift in Sources */ = {isa = PBXBuildFile; fileRef = 14A925CC2612289400CD0FE9 /* Canvas.swift */; };
		14A925D0261229CB00CD0FE9 /* paintVC.swift in Sources */ = {isa = PBXBuildFile; fileRef = 14A925CF261229CB00CD0FE9 /* paintVC.swift */; };
/* End PBXBuildFile section */

/* Begin PBXFileReference section */
		14732FAB260C29CB00E94155 /* paint_test.app */ = {isa = PBXFileReference; explicitFileType = wrapper.application; includeInIndex = 0; path = paint_test.app; sourceTree = BUILT_PRODUCTS_DIR; };
		14732FAE260C29CB00E94155 /* AppDelegate.swift */ = {isa = PBXFileReference; lastKnownFileType = sourcecode.swift; path = AppDelegate.swift; sourceTree = "<group>"; };
		14732FB0260C29CB00E94155 /* SceneDelegate.swift */ = {isa = PBXFileReference; lastKnownFileType = sourcecode.swift; path = SceneDelegate.swift; sourceTree = "<group>"; };
		14732FB2260C29CB00E94155 /* ViewController.swift */ = {isa = PBXFileReference; lastKnownFileType = sourcecode.swift; path = ViewController.swift; sourceTree = "<group>"; };
		14732FB5260C29CB00E94155 /* Base */ = {isa = PBXFileReference; lastKnownFileType = file.storyboard; name = Base; path = Base.lproj/Main.storyboard; sourceTree = "<group>"; };
		14732FB7260C29CD00E94155 /* Assets.xcassets */ = {isa = PBXFileReference; lastKnownFileType = folder.assetcatalog; path = Assets.xcassets; sourceTree = "<group>"; };
		14732FBA260C29CD00E94155 /* Base */ = {isa = PBXFileReference; lastKnownFileType = file.storyboard; name = Base; path = Base.lproj/LaunchScreen.storyboard; sourceTree = "<group>"; };
		14732FBC260C29CD00E94155 /* Info.plist */ = {isa = PBXFileReference; lastKnownFileType = text.plist.xml; path = Info.plist; sourceTree = "<group>"; };
		1493939726173D1E00D9558B /* myCollectionViewCell.swift */ = {isa = PBXFileReference; lastKnownFileType = sourcecode.swift; path = myCollectionViewCell.swift; sourceTree = "<group>"; };
		1493939826173D1E00D9558B /* myCollectionViewCell.xib */ = {isa = PBXFileReference; lastKnownFileType = file.xib; path = myCollectionViewCell.xib; sourceTree = "<group>"; };
		14A925CC2612289400CD0FE9 /* Canvas.swift */ = {isa = PBXFileReference; lastKnownFileType = sourcecode.swift; path = Canvas.swift; sourceTree = "<group>"; };
		14A925CF261229CB00CD0FE9 /* paintVC.swift */ = {isa = PBXFileReference; lastKnownFileType = sourcecode.swift; path = paintVC.swift; sourceTree = "<group>"; };
/* End PBXFileReference section */

/* Begin PBXFrameworksBuildPhase section */
		14732FA8260C29CB00E94155 /* Frameworks */ = {
			isa = PBXFrameworksBuildPhase;
			buildActionMask = 2147483647;
			files = (
			);
			runOnlyForDeploymentPostprocessing = 0;
		};
/* End PBXFrameworksBuildPhase section */

/* Begin PBXGroup section */
		14732FA2260C29CB00E94155 = {
			isa = PBXGroup;
			children = (
				14732FAD260C29CB00E94155 /* paint_test */,
				14732FAC260C29CB00E94155 /* Products */,
			);
			sourceTree = "<group>";
		};
		14732FAC260C29CB00E94155 /* Products */ = {
			isa = PBXGroup;
			children = (
				14732FAB260C29CB00E94155 /* paint_test.app */,
			);
			name = Products;
			sourceTree = "<group>";
		};
		14732FAD260C29CB00E94155 /* paint_test */ = {
			isa = PBXGroup;
			children = (
				1493939626173C5500D9558B /* myCollectionViewCell */,
				14732FAE260C29CB00E94155 /* AppDelegate.swift */,
				14732FB0260C29CB00E94155 /* SceneDelegate.swift */,
				14732FB2260C29CB00E94155 /* ViewController.swift */,
				14732FB4260C29CB00E94155 /* Main.storyboard */,
				14732FB7260C29CD00E94155 /* Assets.xcassets */,
				14732FB9260C29CD00E94155 /* LaunchScreen.storyboard */,
				14A925CC2612289400CD0FE9 /* Canvas.swift */,
				14A925CF261229CB00CD0FE9 /* paintVC.swift */,
				14732FBC260C29CD00E94155 /* Info.plist */,
			);
			path = paint_test;
			sourceTree = "<group>";
		};
		1493939626173C5500D9558B /* myCollectionViewCell */ = {
			isa = PBXGroup;
			children = (
				1493939726173D1E00D9558B /* myCollectionViewCell.swift */,
				1493939826173D1E00D9558B /* myCollectionViewCell.xib */,
			);
			path = myCollectionViewCell;
			sourceTree = "<group>";
		};
/* End PBXGroup section */

/* Begin PBXNativeTarget section */
		14732FAA260C29CB00E94155 /* paint_test */ = {
			isa = PBXNativeTarget;
			buildConfigurationList = 14732FBF260C29CD00E94155 /* Build configuration list for PBXNativeTarget "paint_test" */;
			buildPhases = (
				14732FA7260C29CB00E94155 /* Sources */,
				14732FA8260C29CB00E94155 /* Frameworks */,
				14732FA9260C29CB00E94155 /* Resources */,
			);
			buildRules = (
			);
			dependencies = (
			);
			name = paint_test;
			productName = paint_test;
			productReference = 14732FAB260C29CB00E94155 /* paint_test.app */;
			productType = "com.apple.product-type.application";
		};
/* End PBXNativeTarget section */

/* Begin PBXProject section */
		14732FA3260C29CB00E94155 /* Project object */ = {
			isa = PBXProject;
			attributes = {
				LastSwiftUpdateCheck = 1240;
				LastUpgradeCheck = 1240;
				TargetAttributes = {
					14732FAA260C29CB00E94155 = {
						CreatedOnToolsVersion = 12.4;
					};
				};
			};
			buildConfigurationList = 14732FA6260C29CB00E94155 /* Build configuration list for PBXProject "paint_test" */;
			compatibilityVersion = "Xcode 9.3";
			developmentRegion = en;
			hasScannedForEncodings = 0;
			knownRegions = (
				en,
				Base,
			);
			mainGroup = 14732FA2260C29CB00E94155;
			productRefGroup = 14732FAC260C29CB00E94155 /* Products */;
			projectDirPath = "";
			projectRoot = "";
			targets = (
				14732FAA260C29CB00E94155 /* paint_test */,
			);
		};
/* End PBXProject section */

/* Begin PBXResourcesBuildPhase section */
		14732FA9260C29CB00E94155 /* Resources */ = {
			isa = PBXResourcesBuildPhase;
			buildActionMask = 2147483647;
			files = (
				14732FBB260C29CD00E94155 /* LaunchScreen.storyboard in Resources */,
				14732FB8260C29CD00E94155 /* Assets.xcassets in Resources */,
				1493939A26173D1E00D9558B /* myCollectionViewCell.xib in Resources */,
				14732FB6260C29CB00E94155 /* Main.storyboard in Resources */,
			);
			runOnlyForDeploymentPostprocessing = 0;
		};
/* End PBXResourcesBuildPhase section */

/* Begin PBXSourcesBuildPhase section */
		14732FA7260C29CB00E94155 /* Sources */ = {
			isa = PBXSourcesBuildPhase;
			buildActionMask = 2147483647;
			files = (
				1493939926173D1E00D9558B /* myCollectionViewCell.swift in Sources */,
				14A925D0261229CB00CD0FE9 /* paintVC.swift in Sources */,
				14732FB3260C29CB00E94155 /* ViewController.swift in Sources */,
				14732FAF260C29CB00E94155 /* AppDelegate.swift in Sources */,
				14732FB1260C29CB00E94155 /* SceneDelegate.swift in Sources */,
				14A925CD2612289400CD0FE9 /* Canvas.swift in Sources */,
			);
			runOnlyForDeploymentPostprocessing = 0;
		};
/* End PBXSourcesBuildPhase section */

/* Begin PBXVariantGroup section */
		14732FB4260C29CB00E94155 /* Main.storyboard */ = {
			isa = PBXVariantGroup;
			children = (
				14732FB5260C29CB00E94155 /* Base */,
			);
			name = Main.storyboard;
			sourceTree = "<group>";
		};
		14732FB9260C29CD00E94155 /* LaunchScreen.storyboard */ = {
			isa = PBXVariantGroup;
			children = (
				14732FBA260C29CD00E94155 /* Base */,
			);
			name = LaunchScreen.storyboard;
			sourceTree = "<group>";
		};
/* End PBXVariantGroup section */

/* Begin XCBuildConfiguration section */
		14732FBD260C29CD00E94155 /* Debug */ = {
			isa = XCBuildConfiguration;
			buildSettings = {
				ALWAYS_SEARCH_USER_PATHS = NO;
				CLANG_ANALYZER_NONNULL = YES;
				CLANG_ANALYZER_NUMBER_OBJECT_CONVERSION = YES_AGGRESSIVE;
				CLANG_CXX_LANGUAGE_STANDARD = "gnu++14";
				CLANG_CXX_LIBRARY = "libc++";
				CLANG_ENABLE_MODULES = YES;
				CLANG_ENABLE_OBJC_ARC = YES;
				CLANG_ENABLE_OBJC_WEAK = YES;
				CLANG_WARN_BLOCK_CAPTURE_AUTORELEASING = YES;
				CLANG_WARN_BOOL_CONVERSION = YES;
				CLANG_WARN_COMMA = YES;
				CLANG_WARN_CONSTANT_CONVERSION = YES;
				CLANG_WARN_DEPRECATED_OBJC_IMPLEMENTATIONS = YES;
				CLANG_WARN_DIRECT_OBJC_ISA_USAGE = YES_ERROR;
				CLANG_WARN_DOCUMENTATION_COMMENTS = YES;
				CLANG_WARN_EMPTY_BODY = YES;
				CLANG_WARN_ENUM_CONVERSION = YES;
				CLANG_WARN_INFINITE_RECURSION = YES;
				CLANG_WARN_INT_CONVERSION = YES;
				CLANG_WARN_NON_LITERAL_NULL_CONVERSION = YES;
				CLANG_WARN_OBJC_IMPLICIT_RETAIN_SELF = YES;
				CLANG_WARN_OBJC_LITERAL_CONVERSION = YES;
				CLANG_WARN_OBJC_ROOT_CLASS = YES_ERROR;
				CLANG_WARN_QUOTED_INCLUDE_IN_FRAMEWORK_HEADER = YES;
				CLANG_WARN_RANGE_LOOP_ANALYSIS = YES;
				CLANG_WARN_STRICT_PROTOTYPES = YES;
				CLANG_WARN_SUSPICIOUS_MOVE = YES;
				CLANG_WARN_UNGUARDED_AVAILABILITY = YES_AGGRESSIVE;
				CLANG_WARN_UNREACHABLE_CODE = YES;
				CLANG_WARN__DUPLICATE_METHOD_MATCH = YES;
				COPY_PHASE_STRIP = NO;
				DEBUG_INFORMATION_FORMAT = dwarf;
				ENABLE_STRICT_OBJC_MSGSEND = YES;
				ENABLE_TESTABILITY = YES;
				GCC_C_LANGUAGE_STANDARD = gnu11;
				GCC_DYNAMIC_NO_PIC = NO;
				GCC_NO_COMMON_BLOCKS = YES;
				GCC_OPTIMIZATION_LEVEL = 0;
				GCC_PREPROCESSOR_DEFINITIONS = (
					"DEBUG=1",
					"$(inherited)",
				);
				GCC_WARN_64_TO_32_BIT_CONVERSION = YES;
				GCC_WARN_ABOUT_RETURN_TYPE = YES_ERROR;
				GCC_WARN_UNDECLARED_SELECTOR = YES;
				GCC_WARN_UNINITIALIZED_AUTOS = YES_AGGRESSIVE;
				GCC_WARN_UNUSED_FUNCTION = YES;
				GCC_WARN_UNUSED_VARIABLE = YES;
				IPHONEOS_DEPLOYMENT_TARGET = 14.4;
				MTL_ENABLE_DEBUG_INFO = INCLUDE_SOURCE;
				MTL_FAST_MATH = YES;
				ONLY_ACTIVE_ARCH = YES;
				SDKROOT = iphoneos;
				SWIFT_ACTIVE_COMPILATION_CONDITIONS = DEBUG;
				SWIFT_OPTIMIZATION_LEVEL = "-Onone";
			};
			name = Debug;
		};
		14732FBE260C29CD00E94155 /* Release */ = {
			isa = XCBuildConfiguration;
			buildSettings = {
				ALWAYS_SEARCH_USER_PATHS = NO;
				CLANG_ANALYZER_NONNULL = YES;
				CLANG_ANALYZER_NUMBER_OBJECT_CONVERSION = YES_AGGRESSIVE;
				CLANG_CXX_LANGUAGE_STANDARD = "gnu++14";
				CLANG_CXX_LIBRARY = "libc++";
				CLANG_ENABLE_MODULES = YES;
				CLANG_ENABLE_OBJC_ARC = YES;
				CLANG_ENABLE_OBJC_WEAK = YES;
				CLANG_WARN_BLOCK_CAPTURE_AUTORELEASING = YES;
				CLANG_WARN_BOOL_CONVERSION = YES;
				CLANG_WARN_COMMA = YES;
				CLANG_WARN_CONSTANT_CONVERSION = YES;
				CLANG_WARN_DEPRECATED_OBJC_IMPLEMENTATIONS = YES;
				CLANG_WARN_DIRECT_OBJC_ISA_USAGE = YES_ERROR;
				CLANG_WARN_DOCUMENTATION_COMMENTS = YES;
				CLANG_WARN_EMPTY_BODY = YES;
				CLANG_WARN_ENUM_CONVERSION = YES;
				CLANG_WARN_INFINITE_RECURSION = YES;
				CLANG_WARN_INT_CONVERSION = YES;
				CLANG_WARN_NON_LITERAL_NULL_CONVERSION = YES;
				CLANG_WARN_OBJC_IMPLICIT_RETAIN_SELF = YES;
				CLANG_WARN_OBJC_LITERAL_CONVERSION = YES;
				CLANG_WARN_OBJC_ROOT_CLASS = YES_ERROR;
				CLANG_WARN_QUOTED_INCLUDE_IN_FRAMEWORK_HEADER = YES;
				CLANG_WARN_RANGE_LOOP_ANALYSIS = YES;
				CLANG_WARN_STRICT_PROTOTYPES = YES;
				CLANG_WARN_SUSPICIOUS_MOVE = YES;
				CLANG_WARN_UNGUARDED_AVAILABILITY = YES_AGGRESSIVE;
				CLANG_WARN_UNREACHABLE_CODE = YES;
				CLANG_WARN__DUPLICATE_METHOD_MATCH = YES;
				COPY_PHASE_STRIP = NO;
				DEBUG_INFORMATION_FORMAT = "dwarf-with-dsym";
				ENABLE_NS_ASSERTIONS = NO;
				ENABLE_STRICT_OBJC_MSGSEND = YES;
				GCC_C_LANGUAGE_STANDARD = gnu11;
				GCC_NO_COMMON_BLOCKS = YES;
				GCC_WARN_64_TO_32_BIT_CONVERSION = YES;
				GCC_WARN_ABOUT_RETURN_TYPE = YES_ERROR;
				GCC_WARN_UNDECLARED_SELECTOR = YES;
				GCC_WARN_UNINITIALIZED_AUTOS = YES_AGGRESSIVE;
				GCC_WARN_UNUSED_FUNCTION = YES;
				GCC_WARN_UNUSED_VARIABLE = YES;
				IPHONEOS_DEPLOYMENT_TARGET = 14.4;
				MTL_ENABLE_DEBUG_INFO = NO;
				MTL_FAST_MATH = YES;
				SDKROOT = iphoneos;
				SWIFT_COMPILATION_MODE = wholemodule;
				SWIFT_OPTIMIZATION_LEVEL = "-O";
				VALIDATE_PRODUCT = YES;
			};
			name = Release;
		};
		14732FC0260C29CD00E94155 /* Debug */ = {
			isa = XCBuildConfiguration;
			buildSettings = {
				ASSETCATALOG_COMPILER_APPICON_NAME = AppIcon;
				ASSETCATALOG_COMPILER_GLOBAL_ACCENT_COLOR_NAME = AccentColor;
				CODE_SIGN_STYLE = Automatic;
				DEVELOPMENT_TEAM = CS86XU9U4V;
				INFOPLIST_FILE = paint_test/Info.plist;
				LD_RUNPATH_SEARCH_PATHS = (
					"$(inherited)",
					"@executable_path/Frameworks",
				);
				PRODUCT_BUNDLE_IDENTIFIER = "order.paint-test";
				PRODUCT_NAME = "$(TARGET_NAME)";
				SWIFT_VERSION = 5.0;
				TARGETED_DEVICE_FAMILY = "1,2";
			};
			name = Debug;
		};
		14732FC1260C29CD00E94155 /* Release */ = {
			isa = XCBuildConfiguration;
			buildSettings = {
				ASSETCATALOG_COMPILER_APPICON_NAME = AppIcon;
				ASSETCATALOG_COMPILER_GLOBAL_ACCENT_COLOR_NAME = AccentColor;
				CODE_SIGN_STYLE = Automatic;
				DEVELOPMENT_TEAM = CS86XU9U4V;
				INFOPLIST_FILE = paint_test/Info.plist;
				LD_RUNPATH_SEARCH_PATHS = (
					"$(inherited)",
					"@executable_path/Frameworks",
				);
				PRODUCT_BUNDLE_IDENTIFIER = "order.paint-test";
				PRODUCT_NAME = "$(TARGET_NAME)";
				SWIFT_VERSION = 5.0;
				TARGETED_DEVICE_FAMILY = "1,2";
			};
			name = Release;
		};
/* End XCBuildConfiguration section */

/* Begin XCConfigurationList section */
		14732FA6260C29CB00E94155 /* Build configuration list for PBXProject "paint_test" */ = {
			isa = XCConfigurationList;
			buildConfigurations = (
				14732FBD260C29CD00E94155 /* Debug */,
				14732FBE260C29CD00E94155 /* Release */,
			);
			defaultConfigurationIsVisible = 0;
			defaultConfigurationName = Release;
		};
		14732FBF260C29CD00E94155 /* Build configuration list for PBXNativeTarget "paint_test" */ = {
			isa = XCConfigurationList;
			buildConfigurations = (
				14732FC0260C29CD00E94155 /* Debug */,
				14732FC1260C29CD00E94155 /* Release */,
			);
			defaultConfigurationIsVisible = 0;
			defaultConfigurationName = Release;
		};
/* End XCConfigurationList section */
	};
	rootObject = 14732FA3260C29CB00E94155 /* Project object */;
}
